
Microsoft Visual Studio Solution File, Format Version 12.00
# Visual Studio Version 16
VisualStudioVersion = 16.0.28922.388
MinimumVisualStudioVersion = 10.0.40219.1
Project("{9A19103F-16F7-4668-BE54-9A1E7A4F7556}") = "CodeGenerator", "CodeGenerator\CodeGenerator.csproj", "{EFD63DD8-1D56-43AA-A387-473241CFF543}"
EndProject
Project("{9A19103F-16F7-4668-BE54-9A1E7A4F7556}") = "CodeGeneratorTests", "CodeGeneratorTests\CodeGeneratorTests.csproj", "{D527F814-DB82-4850-B551-8462D81FAE6C}"
EndProject
Project("{D954291E-2A0B-460D-934E-DC6B0785DB48}") = "LambdaBinding", "LambdaBinding\LambdaBinding.shproj", "{323A8B67-2F7A-4C12-9C06-E035BAEC3685}"
EndProject
Global
	GlobalSection(SharedMSBuildProjectFiles) = preSolution
		LambdaBinding\LambdaBinding.projitems*{323a8b67-2f7a-4c12-9c06-e035baec3685}*SharedItemsImports = 13
	EndGlobalSection
	GlobalSection(SolutionConfigurationPlatforms) = preSolution
		Debug|Any CPU = Debug|Any CPU
		Release|Any CPU = Release|Any CPU
	EndGlobalSection
	GlobalSection(ProjectConfigurationPlatforms) = postSolution
		{EFD63DD8-1D56-43AA-A387-473241CFF543}.Debug|Any CPU.ActiveCfg = Debug|Any CPU
		{EFD63DD8-1D56-43AA-A387-473241CFF543}.Debug|Any CPU.Build.0 = Debug|Any CPU
		{EFD63DD8-1D56-43AA-A387-473241CFF543}.Release|Any CPU.ActiveCfg = Release|Any CPU
		{EFD63DD8-1D56-43AA-A387-473241CFF543}.Release|Any CPU.Build.0 = Release|Any CPU
		{D527F814-DB82-4850-B551-8462D81FAE6C}.Debug|Any CPU.ActiveCfg = Debug|Any CPU
		{D527F814-DB82-4850-B551-8462D81FAE6C}.Debug|Any CPU.Build.0 = Debug|Any CPU
		{D527F814-DB82-4850-B551-8462D81FAE6C}.Release|Any CPU.ActiveCfg = Release|Any CPU
		{D527F814-DB82-4850-B551-8462D81FAE6C}.Release|Any CPU.Build.0 = Release|Any CPU
	EndGlobalSection
	GlobalSection(SolutionProperties) = preSolution
		HideSolutionNode = FALSE
	EndGlobalSection
	GlobalSection(ExtensibilityGlobals) = postSolution
		SolutionGuid = {1A82F1DD-325F-4D5E-92CF-F242624D39FB}
	EndGlobalSection
EndGlobal
